
Microsoft Visual Studio Solution File, Format Version 12.00
# Visual Studio Version 17
VisualStudioVersion = 17.9.34616.47
MinimumVisualStudioVersion = 10.0.40219.1
Project("{FAE04EC0-301F-11D3-BF4B-00C04F79EFBC}") = "API_Project_2_34854673", "API_Project_2_34854673.csproj", "{D5EBE419-9462-4E4C-8370-6824AFED33AD}"
EndProject
Global
	GlobalSection(SolutionConfigurationPlatforms) = preSolution
		Debug|Any CPU = Debug|Any CPU
		Release|Any CPU = Release|Any CPU
	EndGlobalSection
	GlobalSection(ProjectConfigurationPlatforms) = postSolution
		{D5EBE419-9462-4E4C-8370-6824AFED33AD}.Debug|Any CPU.ActiveCfg = Debug|Any CPU
		{D5EBE419-9462-4E4C-8370-6824AFED33AD}.Debug|Any CPU.Build.0 = Debug|Any CPU
		{D5EBE419-9462-4E4C-8370-6824AFED33AD}.Release|Any CPU.ActiveCfg = Release|Any CPU
		{D5EBE419-9462-4E4C-8370-6824AFED33AD}.Release|Any CPU.Build.0 = Release|Any CPU
	EndGlobalSection
	GlobalSection(SolutionProperties) = preSolution
		HideSolutionNode = FALSE
	EndGlobalSection
	GlobalSection(ExtensibilityGlobals) = postSolution
		SolutionGuid = {E63363C7-CE84-4953-B663-2A49B641EFEB}
	EndGlobalSection
EndGlobal
